// !$*UTF8*$!
{
	archiveVersion = 1;
	classes = {
	};
	objectVersion = 46;
	objects = {

/* Begin PBXBuildFile section */
		C4B862EE17A66B4500D1CCA0 /* Foundation.framework in Frameworks */ = {isa = PBXBuildFile; fileRef = C4B862ED17A66B4500D1CCA0 /* Foundation.framework */; };
		C4B862F017A66B4500D1CCA0 /* CoreGraphics.framework in Frameworks */ = {isa = PBXBuildFile; fileRef = C4B862EF17A66B4500D1CCA0 /* CoreGraphics.framework */; };
		C4B862F217A66B4500D1CCA0 /* UIKit.framework in Frameworks */ = {isa = PBXBuildFile; fileRef = C4B862F117A66B4500D1CCA0 /* UIKit.framework */; };
		C4B862F817A66B4500D1CCA0 /* InfoPlist.strings in Resources */ = {isa = PBXBuildFile; fileRef = C4B862F617A66B4500D1CCA0 /* InfoPlist.strings */; };
		C4B862FA17A66B4500D1CCA0 /* main.m in Sources */ = {isa = PBXBuildFile; fileRef = C4B862F917A66B4500D1CCA0 /* main.m */; };
		C4B862FE17A66B4500D1CCA0 /* AppDelegate.m in Sources */ = {isa = PBXBuildFile; fileRef = C4B862FD17A66B4500D1CCA0 /* AppDelegate.m */; };
		C4B8630117A66B4500D1CCA0 /* Main.storyboard in Resources */ = {isa = PBXBuildFile; fileRef = C4B862FF17A66B4500D1CCA0 /* Main.storyboard */; };
		C4B8630417A66B4500D1CCA0 /* ViewController.m in Sources */ = {isa = PBXBuildFile; fileRef = C4B8630317A66B4500D1CCA0 /* ViewController.m */; };
		C4B8630617A66B4500D1CCA0 /* Images.xcassets in Resources */ = {isa = PBXBuildFile; fileRef = C4B8630517A66B4500D1CCA0 /* Images.xcassets */; };
		C4B8630D17A66B4500D1CCA0 /* XCTest.framework in Frameworks */ = {isa = PBXBuildFile; fileRef = C4B8630C17A66B4500D1CCA0 /* XCTest.framework */; };
		C4B8630E17A66B4500D1CCA0 /* Foundation.framework in Frameworks */ = {isa = PBXBuildFile; fileRef = C4B862ED17A66B4500D1CCA0 /* Foundation.framework */; };
		C4B8630F17A66B4500D1CCA0 /* UIKit.framework in Frameworks */ = {isa = PBXBuildFile; fileRef = C4B862F117A66B4500D1CCA0 /* UIKit.framework */; };
		C4B8631717A66B4500D1CCA0 /* InfoPlist.strings in Resources */ = {isa = PBXBuildFile; fileRef = C4B8631517A66B4500D1CCA0 /* InfoPlist.strings */; };
		C4B8631917A66B4500D1CCA0 /* tmipushprojectTests.m in Sources */ = {isa = PBXBuildFile; fileRef = C4B8631817A66B4500D1CCA0 /* tmipushprojectTests.m */; };
/* End PBXBuildFile section */

/* Begin PBXContainerItemProxy section */
		C4B8631017A66B4500D1CCA0 /* PBXContainerItemProxy */ = {
			isa = PBXContainerItemProxy;
			containerPortal = C4B862E217A66B4500D1CCA0 /* Project object */;
			proxyType = 1;
			remoteGlobalIDString = C4B862E917A66B4500D1CCA0;
			remoteInfo = tmipushproject;
		};
/* End PBXContainerItemProxy section */

/* Begin PBXFileReference section */
		C4B862EA17A66B4500D1CCA0 /* tmipushproject.app */ = {isa = PBXFileReference; explicitFileType = wrapper.application; includeInIndex = 0; path = tmipushproject.app; sourceTree = BUILT_PRODUCTS_DIR; };
		C4B862ED17A66B4500D1CCA0 /* Foundation.framework */ = {isa = PBXFileReference; lastKnownFileType = wrapper.framework; name = Foundation.framework; path = System/Library/Frameworks/Foundation.framework; sourceTree = SDKROOT; };
		C4B862EF17A66B4500D1CCA0 /* CoreGraphics.framework */ = {isa = PBXFileReference; lastKnownFileType = wrapper.framework; name = CoreGraphics.framework; path = System/Library/Frameworks/CoreGraphics.framework; sourceTree = SDKROOT; };
		C4B862F117A66B4500D1CCA0 /* UIKit.framework */ = {isa = PBXFileReference; lastKnownFileType = wrapper.framework; name = UIKit.framework; path = System/Library/Frameworks/UIKit.framework; sourceTree = SDKROOT; };
		C4B862F517A66B4500D1CCA0 /* tmipushproject-Info.plist */ = {isa = PBXFileReference; lastKnownFileType = text.plist.xml; path = "tmipushproject-Info.plist"; sourceTree = "<group>"; };
		C4B862F717A66B4500D1CCA0 /* en */ = {isa = PBXFileReference; lastKnownFileType = text.plist.strings; name = en; path = en.lproj/InfoPlist.strings; sourceTree = "<group>"; };
		C4B862F917A66B4500D1CCA0 /* main.m */ = {isa = PBXFileReference; lastKnownFileType = sourcecode.c.objc; path = main.m; sourceTree = "<group>"; };
		C4B862FB17A66B4500D1CCA0 /* tmipushproject-Prefix.pch */ = {isa = PBXFileReference; lastKnownFileType = sourcecode.c.h; path = "tmipushproject-Prefix.pch"; sourceTree = "<group>"; };
		C4B862FC17A66B4500D1CCA0 /* AppDelegate.h */ = {isa = PBXFileReference; lastKnownFileType = sourcecode.c.h; path = AppDelegate.h; sourceTree = "<group>"; };
		C4B862FD17A66B4500D1CCA0 /* AppDelegate.m */ = {isa = PBXFileReference; lastKnownFileType = sourcecode.c.objc; path = AppDelegate.m; sourceTree = "<group>"; };
		C4B8630017A66B4500D1CCA0 /* Base */ = {isa = PBXFileReference; lastKnownFileType = file.storyboard; name = Base; path = Base.lproj/Main.storyboard; sourceTree = "<group>"; };
		C4B8630217A66B4500D1CCA0 /* ViewController.h */ = {isa = PBXFileReference; lastKnownFileType = sourcecode.c.h; path = ViewController.h; sourceTree = "<group>"; };
		C4B8630317A66B4500D1CCA0 /* ViewController.m */ = {isa = PBXFileReference; lastKnownFileType = sourcecode.c.objc; path = ViewController.m; sourceTree = "<group>"; };
		C4B8630517A66B4500D1CCA0 /* Images.xcassets */ = {isa = PBXFileReference; lastKnownFileType = folder.assetcatalog; path = Images.xcassets; sourceTree = "<group>"; };
		C4B8630B17A66B4500D1CCA0 /* tmipushprojectTests.xctest */ = {isa = PBXFileReference; explicitFileType = wrapper.cfbundle; includeInIndex = 0; path = tmipushprojectTests.xctest; sourceTree = BUILT_PRODUCTS_DIR; };
		C4B8630C17A66B4500D1CCA0 /* XCTest.framework */ = {isa = PBXFileReference; lastKnownFileType = wrapper.framework; name = XCTest.framework; path = Library/Frameworks/XCTest.framework; sourceTree = DEVELOPER_DIR; };
		C4B8631417A66B4500D1CCA0 /* tmipushprojectTests-Info.plist */ = {isa = PBXFileReference; lastKnownFileType = text.plist.xml; path = "tmipushprojectTests-Info.plist"; sourceTree = "<group>"; };
		C4B8631617A66B4500D1CCA0 /* en */ = {isa = PBXFileReference; lastKnownFileType = text.plist.strings; name = en; path = en.lproj/InfoPlist.strings; sourceTree = "<group>"; };
		C4B8631817A66B4500D1CCA0 /* tmipushprojectTests.m */ = {isa = PBXFileReference; lastKnownFileType = sourcecode.c.objc; path = tmipushprojectTests.m; sourceTree = "<group>"; };
/* End PBXFileReference section */

/* Begin PBXFrameworksBuildPhase section */
		C4B862E717A66B4500D1CCA0 /* Frameworks */ = {
			isa = PBXFrameworksBuildPhase;
			buildActionMask = 2147483647;
			files = (
				C4B862F017A66B4500D1CCA0 /* CoreGraphics.framework in Frameworks */,
				C4B862F217A66B4500D1CCA0 /* UIKit.framework in Frameworks */,
				C4B862EE17A66B4500D1CCA0 /* Foundation.framework in Frameworks */,
			);
			runOnlyForDeploymentPostprocessing = 0;
		};
		C4B8630817A66B4500D1CCA0 /* Frameworks */ = {
			isa = PBXFrameworksBuildPhase;
			buildActionMask = 2147483647;
			files = (
				C4B8630D17A66B4500D1CCA0 /* XCTest.framework in Frameworks */,
				C4B8630F17A66B4500D1CCA0 /* UIKit.framework in Frameworks */,
				C4B8630E17A66B4500D1CCA0 /* Foundation.framework in Frameworks */,
			);
			runOnlyForDeploymentPostprocessing = 0;
		};
/* End PBXFrameworksBuildPhase section */

/* Begin PBXGroup section */
		C4B862E117A66B4500D1CCA0 = {
			isa = PBXGroup;
			children = (
				C4B862F317A66B4500D1CCA0 /* tmipushproject */,
				C4B8631217A66B4500D1CCA0 /* tmipushprojectTests */,
				C4B862EC17A66B4500D1CCA0 /* Frameworks */,
				C4B862EB17A66B4500D1CCA0 /* Products */,
			);
			sourceTree = "<group>";
		};
		C4B862EB17A66B4500D1CCA0 /* Products */ = {
			isa = PBXGroup;
			children = (
				C4B862EA17A66B4500D1CCA0 /* tmipushproject.app */,
				C4B8630B17A66B4500D1CCA0 /* tmipushprojectTests.xctest */,
			);
			name = Products;
			sourceTree = "<group>";
		};
		C4B862EC17A66B4500D1CCA0 /* Frameworks */ = {
			isa = PBXGroup;
			children = (
				C4B862ED17A66B4500D1CCA0 /* Foundation.framework */,
				C4B862EF17A66B4500D1CCA0 /* CoreGraphics.framework */,
				C4B862F117A66B4500D1CCA0 /* UIKit.framework */,
				C4B8630C17A66B4500D1CCA0 /* XCTest.framework */,
			);
			name = Frameworks;
			sourceTree = "<group>";
		};
		C4B862F317A66B4500D1CCA0 /* tmipushproject */ = {
			isa = PBXGroup;
			children = (
				C4B862FC17A66B4500D1CCA0 /* AppDelegate.h */,
				C4B862FD17A66B4500D1CCA0 /* AppDelegate.m */,
				C4B862FF17A66B4500D1CCA0 /* Main.storyboard */,
				C4B8630217A66B4500D1CCA0 /* ViewController.h */,
				C4B8630317A66B4500D1CCA0 /* ViewController.m */,
				C4B8630517A66B4500D1CCA0 /* Images.xcassets */,
				C4B862F417A66B4500D1CCA0 /* Supporting Files */,
			);
			path = tmipushproject;
			sourceTree = "<group>";
		};
		C4B862F417A66B4500D1CCA0 /* Supporting Files */ = {
			isa = PBXGroup;
			children = (
				C4B862F517A66B4500D1CCA0 /* tmipushproject-Info.plist */,
				C4B862F617A66B4500D1CCA0 /* InfoPlist.strings */,
				C4B862F917A66B4500D1CCA0 /* main.m */,
				C4B862FB17A66B4500D1CCA0 /* tmipushproject-Prefix.pch */,
			);
			name = "Supporting Files";
			sourceTree = "<group>";
		};
		C4B8631217A66B4500D1CCA0 /* tmipushprojectTests */ = {
			isa = PBXGroup;
			children = (
				C4B8631817A66B4500D1CCA0 /* tmipushprojectTests.m */,
				C4B8631317A66B4500D1CCA0 /* Supporting Files */,
			);
			path = tmipushprojectTests;
			sourceTree = "<group>";
		};
		C4B8631317A66B4500D1CCA0 /* Supporting Files */ = {
			isa = PBXGroup;
			children = (
				C4B8631417A66B4500D1CCA0 /* tmipushprojectTests-Info.plist */,
				C4B8631517A66B4500D1CCA0 /* InfoPlist.strings */,
			);
			name = "Supporting Files";
			sourceTree = "<group>";
		};
/* End PBXGroup section */

/* Begin PBXNativeTarget section */
		C4B862E917A66B4500D1CCA0 /* tmipushproject */ = {
			isa = PBXNativeTarget;
			buildConfigurationList = C4B8631C17A66B4500D1CCA0 /* Build configuration list for PBXNativeTarget "tmipushproject" */;
			buildPhases = (
				C4B862E617A66B4500D1CCA0 /* Sources */,
				C4B862E717A66B4500D1CCA0 /* Frameworks */,
				C4B862E817A66B4500D1CCA0 /* Resources */,
			);
			buildRules = (
			);
			dependencies = (
			);
			name = tmipushproject;
			productName = tmipushproject;
			productReference = C4B862EA17A66B4500D1CCA0 /* tmipushproject.app */;
			productType = "com.apple.product-type.application";
		};
		C4B8630A17A66B4500D1CCA0 /* tmipushprojectTests */ = {
			isa = PBXNativeTarget;
			buildConfigurationList = C4B8631F17A66B4500D1CCA0 /* Build configuration list for PBXNativeTarget "tmipushprojectTests" */;
			buildPhases = (
				C4B8630717A66B4500D1CCA0 /* Sources */,
				C4B8630817A66B4500D1CCA0 /* Frameworks */,
				C4B8630917A66B4500D1CCA0 /* Resources */,
			);
			buildRules = (
			);
			dependencies = (
				C4B8631117A66B4500D1CCA0 /* PBXTargetDependency */,
			);
			name = tmipushprojectTests;
			productName = tmipushprojectTests;
			productReference = C4B8630B17A66B4500D1CCA0 /* tmipushprojectTests.xctest */;
			productType = "com.apple.product-type.bundle.unit-test";
		};
/* End PBXNativeTarget section */

/* Begin PBXProject section */
		C4B862E217A66B4500D1CCA0 /* Project object */ = {
			isa = PBXProject;
			attributes = {
				LastUpgradeCheck = 0500;
				ORGANIZATIONNAME = JerruWu;
				TargetAttributes = {
					C4B8630A17A66B4500D1CCA0 = {
						TestTargetID = C4B862E917A66B4500D1CCA0;
					};
				};
			};
			buildConfigurationList = C4B862E517A66B4500D1CCA0 /* Build configuration list for PBXProject "tmipushproject" */;
			compatibilityVersion = "Xcode 3.2";
			developmentRegion = English;
			hasScannedForEncodings = 0;
			knownRegions = (
				en,
				Base,
			);
			mainGroup = C4B862E117A66B4500D1CCA0;
			productRefGroup = C4B862EB17A66B4500D1CCA0 /* Products */;
			projectDirPath = "";
			projectRoot = "";
			targets = (
				C4B862E917A66B4500D1CCA0 /* tmipushproject */,
				C4B8630A17A66B4500D1CCA0 /* tmipushprojectTests */,
			);
		};
/* End PBXProject section */

/* Begin PBXResourcesBuildPhase section */
		C4B862E817A66B4500D1CCA0 /* Resources */ = {
			isa = PBXResourcesBuildPhase;
			buildActionMask = 2147483647;
			files = (
				C4B8630617A66B4500D1CCA0 /* Images.xcassets in Resources */,
				C4B862F817A66B4500D1CCA0 /* InfoPlist.strings in Resources */,
				C4B8630117A66B4500D1CCA0 /* Main.storyboard in Resources */,
			);
			runOnlyForDeploymentPostprocessing = 0;
		};
		C4B8630917A66B4500D1CCA0 /* Resources */ = {
			isa = PBXResourcesBuildPhase;
			buildActionMask = 2147483647;
			files = (
				C4B8631717A66B4500D1CCA0 /* InfoPlist.strings in Resources */,
			);
			runOnlyForDeploymentPostprocessing = 0;
		};
/* End PBXResourcesBuildPhase section */

/* Begin PBXSourcesBuildPhase section */
		C4B862E617A66B4500D1CCA0 /* Sources */ = {
			isa = PBXSourcesBuildPhase;
			buildActionMask = 2147483647;
			files = (
				C4B8630417A66B4500D1CCA0 /* ViewController.m in Sources */,
				C4B862FE17A66B4500D1CCA0 /* AppDelegate.m in Sources */,
				C4B862FA17A66B4500D1CCA0 /* main.m in Sources */,
			);
			runOnlyForDeploymentPostprocessing = 0;
		};
		C4B8630717A66B4500D1CCA0 /* Sources */ = {
			isa = PBXSourcesBuildPhase;
			buildActionMask = 2147483647;
			files = (
				C4B8631917A66B4500D1CCA0 /* tmipushprojectTests.m in Sources */,
			);
			runOnlyForDeploymentPostprocessing = 0;
		};
/* End PBXSourcesBuildPhase section */

/* Begin PBXTargetDependency section */
		C4B8631117A66B4500D1CCA0 /* PBXTargetDependency */ = {
			isa = PBXTargetDependency;
			target = C4B862E917A66B4500D1CCA0 /* tmipushproject */;
			targetProxy = C4B8631017A66B4500D1CCA0 /* PBXContainerItemProxy */;
		};
/* End PBXTargetDependency section */

/* Begin PBXVariantGroup section */
		C4B862F617A66B4500D1CCA0 /* InfoPlist.strings */ = {
			isa = PBXVariantGroup;
			children = (
				C4B862F717A66B4500D1CCA0 /* en */,
			);
			name = InfoPlist.strings;
			sourceTree = "<group>";
		};
		C4B862FF17A66B4500D1CCA0 /* Main.storyboard */ = {
			isa = PBXVariantGroup;
			children = (
				C4B8630017A66B4500D1CCA0 /* Base */,
			);
			name = Main.storyboard;
			sourceTree = "<group>";
		};
		C4B8631517A66B4500D1CCA0 /* InfoPlist.strings */ = {
			isa = PBXVariantGroup;
			children = (
				C4B8631617A66B4500D1CCA0 /* en */,
			);
			name = InfoPlist.strings;
			sourceTree = "<group>";
		};
/* End PBXVariantGroup section */

/* Begin XCBuildConfiguration section */
		C4B8631A17A66B4500D1CCA0 /* Debug */ = {
			isa = XCBuildConfiguration;
			buildSettings = {
				ALWAYS_SEARCH_USER_PATHS = NO;
				CLANG_CXX_LANGUAGE_STANDARD = "gnu++0x";
				CLANG_CXX_LIBRARY = "libc++";
				CLANG_ENABLE_MODULES = YES;
				CLANG_ENABLE_OBJC_ARC = YES;
				CLANG_WARN_BOOL_CONVERSION = YES;
				CLANG_WARN_CONSTANT_CONVERSION = YES;
				CLANG_WARN_DIRECT_OBJC_ISA_USAGE = YES_ERROR;
				CLANG_WARN_EMPTY_BODY = YES;
				CLANG_WARN_ENUM_CONVERSION = YES;
				CLANG_WARN_INT_CONVERSION = YES;
				CLANG_WARN_OBJC_ROOT_CLASS = YES_ERROR;
				CLANG_WARN__DUPLICATE_METHOD_MATCH = YES;
				"CODE_SIGN_IDENTITY[sdk=iphoneos*]" = "iPhone Developer";
				COPY_PHASE_STRIP = NO;
				GCC_C_LANGUAGE_STANDARD = gnu99;
				GCC_DYNAMIC_NO_PIC = NO;
				GCC_OPTIMIZATION_LEVEL = 0;
				GCC_PREPROCESSOR_DEFINITIONS = (
					"DEBUG=1",
					"$(inherited)",
				);
				GCC_SYMBOLS_PRIVATE_EXTERN = NO;
				GCC_WARN_ABOUT_RETURN_TYPE = YES_ERROR;
				GCC_WARN_UNDECLARED_SELECTOR = YES;
				GCC_WARN_UNINITIALIZED_AUTOS = YES;
				GCC_WARN_UNUSED_FUNCTION = YES;
				GCC_WARN_UNUSED_VARIABLE = YES;
				IPHONEOS_DEPLOYMENT_TARGET = 7.0;
				ONLY_ACTIVE_ARCH = YES;
				SDKROOT = iphoneos;
			};
			name = Debug;
		};
		C4B8631B17A66B4500D1CCA0 /* Release */ = {
			isa = XCBuildConfiguration;
			buildSettings = {
				ALWAYS_SEARCH_USER_PATHS = NO;
				CLANG_CXX_LANGUAGE_STANDARD = "gnu++0x";
				CLANG_CXX_LIBRARY = "libc++";
				CLANG_ENABLE_MODULES = YES;
				CLANG_ENABLE_OBJC_ARC = YES;
				CLANG_WARN_BOOL_CONVERSION = YES;
				CLANG_WARN_CONSTANT_CONVERSION = YES;
				CLANG_WARN_DIRECT_OBJC_ISA_USAGE = YES_ERROR;
				CLANG_WARN_EMPTY_BODY = YES;
				CLANG_WARN_ENUM_CONVERSION = YES;
				CLANG_WARN_INT_CONVERSION = YES;
				CLANG_WARN_OBJC_ROOT_CLASS = YES_ERROR;
				CLANG_WARN__DUPLICATE_METHOD_MATCH = YES;
				"CODE_SIGN_IDENTITY[sdk=iphoneos*]" = "iPhone Developer";
				COPY_PHASE_STRIP = YES;
				ENABLE_NS_ASSERTIONS = NO;
				GCC_C_LANGUAGE_STANDARD = gnu99;
				GCC_WARN_ABOUT_RETURN_TYPE = YES_ERROR;
				GCC_WARN_UNDECLARED_SELECTOR = YES;
				GCC_WARN_UNINITIALIZED_AUTOS = YES;
				GCC_WARN_UNUSED_FUNCTION = YES;
				GCC_WARN_UNUSED_VARIABLE = YES;
				IPHONEOS_DEPLOYMENT_TARGET = 7.0;
				SDKROOT = iphoneos;
				VALIDATE_PRODUCT = YES;
			};
			name = Release;
		};
		C4B8631D17A66B4500D1CCA0 /* Debug */ = {
			isa = XCBuildConfiguration;
			buildSettings = {
				ASSETCATALOG_COMPILER_APPICON_NAME = AppIcon;
				ASSETCATALOG_COMPILER_LAUNCHIMAGE_NAME = LaunchImage;
				GCC_PRECOMPILE_PREFIX_HEADER = YES;
				GCC_PREFIX_HEADER = "tmipushproject/tmipushproject-Prefix.pch";
				INFOPLIST_FILE = "tmipushproject/tmipushproject-Info.plist";
				PRODUCT_NAME = "$(TARGET_NAME)";
				WRAPPER_EXTENSION = app;
			};
			name = Debug;
		};
		C4B8631E17A66B4500D1CCA0 /* Release */ = {
			isa = XCBuildConfiguration;
			buildSettings = {
				ASSETCATALOG_COMPILER_APPICON_NAME = AppIcon;
				ASSETCATALOG_COMPILER_LAUNCHIMAGE_NAME = LaunchImage;
				GCC_PRECOMPILE_PREFIX_HEADER = YES;
				GCC_PREFIX_HEADER = "tmipushproject/tmipushproject-Prefix.pch";
				INFOPLIST_FILE = "tmipushproject/tmipushproject-Info.plist";
				PRODUCT_NAME = "$(TARGET_NAME)";
				WRAPPER_EXTENSION = app;
			};
			name = Release;
		};
		C4B8632017A66B4500D1CCA0 /* Debug */ = {
			isa = XCBuildConfiguration;
			buildSettings = {
				BUNDLE_LOADER = "$(BUILT_PRODUCTS_DIR)/tmipushproject.app/tmipushproject";
				FRAMEWORK_SEARCH_PATHS = (
					"$(SDKROOT)/Developer/Library/Frameworks",
					"$(inherited)",
					"$(SYSTEM_APPS_DIR)/Xcode5-DP3.app/Contents/Developer/Library/Frameworks",
				);
				GCC_PRECOMPILE_PREFIX_HEADER = YES;
				GCC_PREFIX_HEADER = "tmipushproject/tmipushproject-Prefix.pch";
				GCC_PREPROCESSOR_DEFINITIONS = (
					"DEBUG=1",
					"$(inherited)",
				);
				INFOPLIST_FILE = "tmipushprojectTests/tmipushprojectTests-Info.plist";
				PRODUCT_NAME = "$(TARGET_NAME)";
				TEST_HOST = "$(BUNDLE_LOADER)";
				WRAPPER_EXTENSION = xctest;
			};
			name = Debug;
		};
		C4B8632117A66B4500D1CCA0 /* Release */ = {
			isa = XCBuildConfiguration;
			buildSettings = {
				BUNDLE_LOADER = "$(BUILT_PRODUCTS_DIR)/tmipushproject.app/tmipushproject";
				FRAMEWORK_SEARCH_PATHS = (
					"$(SDKROOT)/Developer/Library/Frameworks",
					"$(inherited)",
					"$(SYSTEM_APPS_DIR)/Xcode5-DP3.app/Contents/Developer/Library/Frameworks",
				);
				GCC_PRECOMPILE_PREFIX_HEADER = YES;
				GCC_PREFIX_HEADER = "tmipushproject/tmipushproject-Prefix.pch";
				INFOPLIST_FILE = "tmipushprojectTests/tmipushprojectTests-Info.plist";
				PRODUCT_NAME = "$(TARGET_NAME)";
				TEST_HOST = "$(BUNDLE_LOADER)";
				WRAPPER_EXTENSION = xctest;
			};
			name = Release;
		};
/* End XCBuildConfiguration section */

/* Begin XCConfigurationList section */
		C4B862E517A66B4500D1CCA0 /* Build configuration list for PBXProject "tmipushproject" */ = {
			isa = XCConfigurationList;
			buildConfigurations = (
				C4B8631A17A66B4500D1CCA0 /* Debug */,
				C4B8631B17A66B4500D1CCA0 /* Release */,
			);
			defaultConfigurationIsVisible = 0;
			defaultConfigurationName = Release;
		};
		C4B8631C17A66B4500D1CCA0 /* Build configuration list for PBXNativeTarget "tmipushproject" */ = {
			isa = XCConfigurationList;
			buildConfigurations = (
				C4B8631D17A66B4500D1CCA0 /* Debug */,
				C4B8631E17A66B4500D1CCA0 /* Release */,
			);
			defaultConfigurationIsVisible = 0;
		};
		C4B8631F17A66B4500D1CCA0 /* Build configuration list for PBXNativeTarget "tmipushprojectTests" */ = {
			isa = XCConfigurationList;
			buildConfigurations = (
				C4B8632017A66B4500D1CCA0 /* Debug */,
				C4B8632117A66B4500D1CCA0 /* Release */,
			);
			defaultConfigurationIsVisible = 0;
		};
/* End XCConfigurationList section */
	};
	rootObject = C4B862E217A66B4500D1CCA0 /* Project object */;
}
